// !$*UTF8*$!
{
	archiveVersion = 1;
	classes = {
	};
	objectVersion = 46;
	objects = {

/* Begin PBXBuildFile section */
		669FF73D1E35A99000C441F0 /* AppDelegate.m in Sources */ = {isa = PBXBuildFile; fileRef = 669FF73C1E35A99000C441F0 /* AppDelegate.m */; };
		669FF7401E35A99000C441F0 /* main.m in Sources */ = {isa = PBXBuildFile; fileRef = 669FF73F1E35A99000C441F0 /* main.m */; };
		669FF7431E35A99000C441F0 /* ViewController.m in Sources */ = {isa = PBXBuildFile; fileRef = 669FF7421E35A99000C441F0 /* ViewController.m */; };
		669FF7451E35A99000C441F0 /* Assets.xcassets in Resources */ = {isa = PBXBuildFile; fileRef = 669FF7441E35A99000C441F0 /* Assets.xcassets */; };
		669FF7481E35A99000C441F0 /* Main.storyboard in Resources */ = {isa = PBXBuildFile; fileRef = 669FF7461E35A99000C441F0 /* Main.storyboard */; };
		8AC553246A21634E3C57C36B /* libPods-Peer_Mac.a in Frameworks */ = {isa = PBXBuildFile; fileRef = 88D9FA5C251A41D5399E53C3 /* libPods-Peer_Mac.a */; };
/* End PBXBuildFile section */

/* Begin PBXFileReference section */
		35F77F907D07C4494B829670 /* Pods-Peer_Mac.debug.xcconfig */ = {isa = PBXFileReference; includeInIndex = 1; lastKnownFileType = text.xcconfig; name = "Pods-Peer_Mac.debug.xcconfig"; path = "Pods/Target Support Files/Pods-Peer_Mac/Pods-Peer_Mac.debug.xcconfig"; sourceTree = "<group>"; };
		669FF7381E35A99000C441F0 /* Peer_Mac.app */ = {isa = PBXFileReference; explicitFileType = wrapper.application; includeInIndex = 0; path = Peer_Mac.app; sourceTree = BUILT_PRODUCTS_DIR; };
		669FF73B1E35A99000C441F0 /* AppDelegate.h */ = {isa = PBXFileReference; lastKnownFileType = sourcecode.c.h; path = AppDelegate.h; sourceTree = "<group>"; };
		669FF73C1E35A99000C441F0 /* AppDelegate.m */ = {isa = PBXFileReference; lastKnownFileType = sourcecode.c.objc; path = AppDelegate.m; sourceTree = "<group>"; };
		669FF73F1E35A99000C441F0 /* main.m */ = {isa = PBXFileReference; lastKnownFileType = sourcecode.c.objc; path = main.m; sourceTree = "<group>"; };
		669FF7411E35A99000C441F0 /* ViewController.h */ = {isa = PBXFileReference; lastKnownFileType = sourcecode.c.h; path = ViewController.h; sourceTree = "<group>"; };
		669FF7421E35A99000C441F0 /* ViewController.m */ = {isa = PBXFileReference; lastKnownFileType = sourcecode.c.objc; path = ViewController.m; sourceTree = "<group>"; };
		669FF7441E35A99000C441F0 /* Assets.xcassets */ = {isa = PBXFileReference; lastKnownFileType = folder.assetcatalog; path = Assets.xcassets; sourceTree = "<group>"; };
		669FF7471E35A99000C441F0 /* Base */ = {isa = PBXFileReference; lastKnownFileType = file.storyboard; name = Base; path = Base.lproj/Main.storyboard; sourceTree = "<group>"; };
		669FF7491E35A99000C441F0 /* Info.plist */ = {isa = PBXFileReference; lastKnownFileType = text.plist.xml; path = Info.plist; sourceTree = "<group>"; };
		88D9FA5C251A41D5399E53C3 /* libPods-Peer_Mac.a */ = {isa = PBXFileReference; explicitFileType = archive.ar; includeInIndex = 0; path = "libPods-Peer_Mac.a"; sourceTree = BUILT_PRODUCTS_DIR; };
		DABF9A96BFACE807BFE71BC1 /* Pods-Peer_Mac.release.xcconfig */ = {isa = PBXFileReference; includeInIndex = 1; lastKnownFileType = text.xcconfig; name = "Pods-Peer_Mac.release.xcconfig"; path = "Pods/Target Support Files/Pods-Peer_Mac/Pods-Peer_Mac.release.xcconfig"; sourceTree = "<group>"; };
/* End PBXFileReference section */

/* Begin PBXFrameworksBuildPhase section */
		669FF7351E35A99000C441F0 /* Frameworks */ = {
			isa = PBXFrameworksBuildPhase;
			buildActionMask = 2147483647;
			files = (
				8AC553246A21634E3C57C36B /* libPods-Peer_Mac.a in Frameworks */,
			);
			runOnlyForDeploymentPostprocessing = 0;
		};
/* End PBXFrameworksBuildPhase section */

/* Begin PBXGroup section */
		669FF72F1E35A98F00C441F0 = {
			isa = PBXGroup;
			children = (
				669FF73A1E35A99000C441F0 /* Peer_Mac */,
				669FF7391E35A99000C441F0 /* Products */,
				90D4800C4AA11535763B4246 /* Pods */,
				AA880E7A8260BD1C377A6D14 /* Frameworks */,
			);
			sourceTree = "<group>";
		};
		669FF7391E35A99000C441F0 /* Products */ = {
			isa = PBXGroup;
			children = (
				669FF7381E35A99000C441F0 /* Peer_Mac.app */,
			);
			name = Products;
			sourceTree = "<group>";
		};
		669FF73A1E35A99000C441F0 /* Peer_Mac */ = {
			isa = PBXGroup;
			children = (
				669FF73B1E35A99000C441F0 /* AppDelegate.h */,
				669FF73C1E35A99000C441F0 /* AppDelegate.m */,
				669FF7411E35A99000C441F0 /* ViewController.h */,
				669FF7421E35A99000C441F0 /* ViewController.m */,
				669FF7441E35A99000C441F0 /* Assets.xcassets */,
				669FF7461E35A99000C441F0 /* Main.storyboard */,
				669FF7491E35A99000C441F0 /* Info.plist */,
				669FF73E1E35A99000C441F0 /* Supporting Files */,
			);
			path = Peer_Mac;
			sourceTree = "<group>";
		};
		669FF73E1E35A99000C441F0 /* Supporting Files */ = {
			isa = PBXGroup;
			children = (
				669FF73F1E35A99000C441F0 /* main.m */,
			);
			name = "Supporting Files";
			sourceTree = "<group>";
		};
		90D4800C4AA11535763B4246 /* Pods */ = {
			isa = PBXGroup;
			children = (
				35F77F907D07C4494B829670 /* Pods-Peer_Mac.debug.xcconfig */,
				DABF9A96BFACE807BFE71BC1 /* Pods-Peer_Mac.release.xcconfig */,
			);
			name = Pods;
			sourceTree = "<group>";
		};
		AA880E7A8260BD1C377A6D14 /* Frameworks */ = {
			isa = PBXGroup;
			children = (
				88D9FA5C251A41D5399E53C3 /* libPods-Peer_Mac.a */,
			);
			name = Frameworks;
			sourceTree = "<group>";
		};
/* End PBXGroup section */

/* Begin PBXNativeTarget section */
		669FF7371E35A99000C441F0 /* Peer_Mac */ = {
			isa = PBXNativeTarget;
			buildConfigurationList = 669FF74C1E35A99000C441F0 /* Build configuration list for PBXNativeTarget "Peer_Mac" */;
			buildPhases = (
				C50799011E808E8AE6463F25 /* [CP] Check Pods Manifest.lock */,
				669FF7341E35A99000C441F0 /* Sources */,
				669FF7351E35A99000C441F0 /* Frameworks */,
				669FF7361E35A99000C441F0 /* Resources */,
				2BD29F7E0E813BBD1D43A18F /* [CP] Embed Pods Frameworks */,
				81FB3EB1CA9257C083BFD8DA /* [CP] Copy Pods Resources */,
			);
			buildRules = (
			);
			dependencies = (
			);
			name = Peer_Mac;
			productName = Peer_Mac;
			productReference = 669FF7381E35A99000C441F0 /* Peer_Mac.app */;
			productType = "com.apple.product-type.application";
		};
/* End PBXNativeTarget section */

/* Begin PBXProject section */
		669FF7301E35A98F00C441F0 /* Project object */ = {
			isa = PBXProject;
			attributes = {
				LastUpgradeCheck = 0820;
				ORGANIZATIONNAME = Quentin;
				TargetAttributes = {
					669FF7371E35A99000C441F0 = {
						CreatedOnToolsVersion = 8.2.1;
						DevelopmentTeam = 4J67FTSTQJ;
						ProvisioningStyle = Automatic;
					};
				};
			};
			buildConfigurationList = 669FF7331E35A98F00C441F0 /* Build configuration list for PBXProject "Peer_Mac" */;
			compatibilityVersion = "Xcode 3.2";
			developmentRegion = English;
			hasScannedForEncodings = 0;
			knownRegions = (
				en,
				Base,
			);
			mainGroup = 669FF72F1E35A98F00C441F0;
			productRefGroup = 669FF7391E35A99000C441F0 /* Products */;
			projectDirPath = "";
			projectRoot = "";
			targets = (
				669FF7371E35A99000C441F0 /* Peer_Mac */,
			);
		};
/* End PBXProject section */

/* Begin PBXResourcesBuildPhase section */
		669FF7361E35A99000C441F0 /* Resources */ = {
			isa = PBXResourcesBuildPhase;
			buildActionMask = 2147483647;
			files = (
				669FF7451E35A99000C441F0 /* Assets.xcassets in Resources */,
				669FF7481E35A99000C441F0 /* Main.storyboard in Resources */,
			);
			runOnlyForDeploymentPostprocessing = 0;
		};
/* End PBXResourcesBuildPhase section */

/* Begin PBXShellScriptBuildPhase section */
		2BD29F7E0E813BBD1D43A18F /* [CP] Embed Pods Frameworks */ = {
			isa = PBXShellScriptBuildPhase;
			buildActionMask = 2147483647;
			files = (
			);
			inputPaths = (
			);
			name = "[CP] Embed Pods Frameworks";
			outputPaths = (
			);
			runOnlyForDeploymentPostprocessing = 0;
			shellPath = /bin/sh;
			shellScript = "\"${SRCROOT}/Pods/Target Support Files/Pods-Peer_Mac/Pods-Peer_Mac-frameworks.sh\"\n";
			showEnvVarsInLog = 0;
		};
		81FB3EB1CA9257C083BFD8DA /* [CP] Copy Pods Resources */ = {
			isa = PBXShellScriptBuildPhase;
			buildActionMask = 2147483647;
			files = (
			);
			inputPaths = (
			);
			name = "[CP] Copy Pods Resources";
			outputPaths = (
			);
			runOnlyForDeploymentPostprocessing = 0;
			shellPath = /bin/sh;
			shellScript = "\"${SRCROOT}/Pods/Target Support Files/Pods-Peer_Mac/Pods-Peer_Mac-resources.sh\"\n";
			showEnvVarsInLog = 0;
		};
		C50799011E808E8AE6463F25 /* [CP] Check Pods Manifest.lock */ = {
			isa = PBXShellScriptBuildPhase;
			buildActionMask = 2147483647;
			files = (
			);
			inputPaths = (
			);
			name = "[CP] Check Pods Manifest.lock";
			outputPaths = (
			);
			runOnlyForDeploymentPostprocessing = 0;
			shellPath = /bin/sh;
			shellScript = "diff \"${PODS_ROOT}/../Podfile.lock\" \"${PODS_ROOT}/Manifest.lock\" > /dev/null\nif [ $? != 0 ] ; then\n    # print error to STDERR\n    echo \"error: The sandbox is not in sync with the Podfile.lock. Run 'pod install' or update your CocoaPods installation.\" >&2\n    exit 1\nfi\n";
			showEnvVarsInLog = 0;
		};
/* End PBXShellScriptBuildPhase section */

/* Begin PBXSourcesBuildPhase section */
		669FF7341E35A99000C441F0 /* Sources */ = {
			isa = PBXSourcesBuildPhase;
			buildActionMask = 2147483647;
			files = (
				669FF7431E35A99000C441F0 /* ViewController.m in Sources */,
				669FF7401E35A99000C441F0 /* main.m in Sources */,
				669FF73D1E35A99000C441F0 /* AppDelegate.m in Sources */,
			);
			runOnlyForDeploymentPostprocessing = 0;
		};
/* End PBXSourcesBuildPhase section */

/* Begin PBXVariantGroup section */
		669FF7461E35A99000C441F0 /* Main.storyboard */ = {
			isa = PBXVariantGroup;
			children = (
				669FF7471E35A99000C441F0 /* Base */,
			);
			name = Main.storyboard;
			sourceTree = "<group>";
		};
/* End PBXVariantGroup section */

/* Begin XCBuildConfiguration section */
		669FF74A1E35A99000C441F0 /* Debug */ = {
			isa = XCBuildConfiguration;
			buildSettings = {
				ALWAYS_SEARCH_USER_PATHS = NO;
				CLANG_ANALYZER_NONNULL = YES;
				CLANG_CXX_LANGUAGE_STANDARD = "gnu++0x";
				CLANG_CXX_LIBRARY = "libc++";
				CLANG_ENABLE_MODULES = YES;
				CLANG_ENABLE_OBJC_ARC = YES;
				CLANG_WARN_BOOL_CONVERSION = YES;
				CLANG_WARN_CONSTANT_CONVERSION = YES;
				CLANG_WARN_DIRECT_OBJC_ISA_USAGE = YES_ERROR;
				CLANG_WARN_DOCUMENTATION_COMMENTS = YES;
				CLANG_WARN_EMPTY_BODY = YES;
				CLANG_WARN_ENUM_CONVERSION = YES;
				CLANG_WARN_INFINITE_RECURSION = YES;
				CLANG_WARN_INT_CONVERSION = YES;
				CLANG_WARN_OBJC_ROOT_CLASS = YES_ERROR;
				CLANG_WARN_SUSPICIOUS_MOVE = YES;
				CLANG_WARN_UNREACHABLE_CODE = YES;
				CLANG_WARN__DUPLICATE_METHOD_MATCH = YES;
				CODE_SIGN_IDENTITY = "-";
				COPY_PHASE_STRIP = NO;
				DEBUG_INFORMATION_FORMAT = dwarf;
				ENABLE_STRICT_OBJC_MSGSEND = YES;
				ENABLE_TESTABILITY = YES;
				GCC_C_LANGUAGE_STANDARD = gnu99;
				GCC_DYNAMIC_NO_PIC = NO;
				GCC_NO_COMMON_BLOCKS = YES;
				GCC_OPTIMIZATION_LEVEL = 0;
				GCC_PREPROCESSOR_DEFINITIONS = (
					"DEBUG=1",
					"$(inherited)",
				);
				GCC_WARN_64_TO_32_BIT_CONVERSION = YES;
				GCC_WARN_ABOUT_RETURN_TYPE = YES_ERROR;
				GCC_WARN_UNDECLARED_SELECTOR = YES;
				GCC_WARN_UNINITIALIZED_AUTOS = YES_AGGRESSIVE;
				GCC_WARN_UNUSED_FUNCTION = YES;
				GCC_WARN_UNUSED_VARIABLE = YES;
				MACOSX_DEPLOYMENT_TARGET = 10.12;
				MTL_ENABLE_DEBUG_INFO = YES;
				ONLY_ACTIVE_ARCH = YES;
				SDKROOT = macosx;
			};
			name = Debug;
		};
		669FF74B1E35A99000C441F0 /* Release */ = {
			isa = XCBuildConfiguration;
			buildSettings = {
				ALWAYS_SEARCH_USER_PATHS = NO;
				CLANG_ANALYZER_NONNULL = YES;
				CLANG_CXX_LANGUAGE_STANDARD = "gnu++0x";
				CLANG_CXX_LIBRARY = "libc++";
				CLANG_ENABLE_MODULES = YES;
				CLANG_ENABLE_OBJC_ARC = YES;
				CLANG_WARN_BOOL_CONVERSION = YES;
				CLANG_WARN_CONSTANT_CONVERSION = YES;
				CLANG_WARN_DIRECT_OBJC_ISA_USAGE = YES_ERROR;
				CLANG_WARN_DOCUMENTATION_COMMENTS = YES;
				CLANG_WARN_EMPTY_BODY = YES;
				CLANG_WARN_ENUM_CONVERSION = YES;
				CLANG_WARN_INFINITE_RECURSION = YES;
				CLANG_WARN_INT_CONVERSION = YES;
				CLANG_WARN_OBJC_ROOT_CLASS = YES_ERROR;
				CLANG_WARN_SUSPICIOUS_MOVE = YES;
				CLANG_WARN_UNREACHABLE_CODE = YES;
				CLANG_WARN__DUPLICATE_METHOD_MATCH = YES;
				CODE_SIGN_IDENTITY = "-";
				COPY_PHASE_STRIP = NO;
				DEBUG_INFORMATION_FORMAT = "dwarf-with-dsym";
				ENABLE_NS_ASSERTIONS = NO;
				ENABLE_STRICT_OBJC_MSGSEND = YES;
				GCC_C_LANGUAGE_STANDARD = gnu99;
				GCC_NO_COMMON_BLOCKS = YES;
				GCC_WARN_64_TO_32_BIT_CONVERSION = YES;
				GCC_WARN_ABOUT_RETURN_TYPE = YES_ERROR;
				GCC_WARN_UNDECLARED_SELECTOR = YES;
				GCC_WARN_UNINITIALIZED_AUTOS = YES_AGGRESSIVE;
				GCC_WARN_UNUSED_FUNCTION = YES;
				GCC_WARN_UNUSED_VARIABLE = YES;
				MACOSX_DEPLOYMENT_TARGET = 10.12;
				MTL_ENABLE_DEBUG_INFO = NO;
				SDKROOT = macosx;
			};
			name = Release;
		};
		669FF74D1E35A99000C441F0 /* Debug */ = {
			isa = XCBuildConfiguration;
			baseConfigurationReference = 35F77F907D07C4494B829670 /* Pods-Peer_Mac.debug.xcconfig */;
			buildSettings = {
				ASSETCATALOG_COMPILER_APPICON_NAME = AppIcon;
				COMBINE_HIDPI_IMAGES = YES;
				DEVELOPMENT_TEAM = 4J67FTSTQJ;
				INFOPLIST_FILE = Peer_Mac/Info.plist;
				LD_RUNPATH_SEARCH_PATHS = "$(inherited) @executable_path/../Frameworks";
				MACOSX_DEPLOYMENT_TARGET = 10.9;
				PRODUCT_BUNDLE_IDENTIFIER = "com.connectivity.Peer-Mac";
				PRODUCT_NAME = "$(TARGET_NAME)";
			};
			name = Debug;
		};
		669FF74E1E35A99000C441F0 /* Release */ = {
			isa = XCBuildConfiguration;
			baseConfigurationReference = DABF9A96BFACE807BFE71BC1 /* Pods-Peer_Mac.release.xcconfig */;
			buildSettings = {
				ASSETCATALOG_COMPILER_APPICON_NAME = AppIcon;
				COMBINE_HIDPI_IMAGES = YES;
				DEVELOPMENT_TEAM = 4J67FTSTQJ;
				INFOPLIST_FILE = Peer_Mac/Info.plist;
				LD_RUNPATH_SEARCH_PATHS = "$(inherited) @executable_path/../Frameworks";
				MACOSX_DEPLOYMENT_TARGET = 10.9;
				PRODUCT_BUNDLE_IDENTIFIER = "com.connectivity.Peer-Mac";
				PRODUCT_NAME = "$(TARGET_NAME)";
			};
			name = Release;
		};
/* End XCBuildConfiguration section */

/* Begin XCConfigurationList section */
		669FF7331E35A98F00C441F0 /* Build configuration list for PBXProject "Peer_Mac" */ = {
			isa = XCConfigurationList;
			buildConfigurations = (
				669FF74A1E35A99000C441F0 /* Debug */,
				669FF74B1E35A99000C441F0 /* Release */,
			);
			defaultConfigurationIsVisible = 0;
			defaultConfigurationName = Release;
		};
		669FF74C1E35A99000C441F0 /* Build configuration list for PBXNativeTarget "Peer_Mac" */ = {
			isa = XCConfigurationList;
			buildConfigurations = (
				669FF74D1E35A99000C441F0 /* Debug */,
				669FF74E1E35A99000C441F0 /* Release */,
			);
			defaultConfigurationIsVisible = 0;
			defaultConfigurationName = Release;
		};
/* End XCConfigurationList section */
	};
	rootObject = 669FF7301E35A98F00C441F0 /* Project object */;
}
